
Microsoft Visual Studio Solution File, Format Version 12.00
# Visual Studio 2012
Project("{888888A0-9F3D-457C-B088-3A5042F75D52}") = "TFA", "TFA\TFA.pyproj", "{A08A2FE4-9244-4CCA-9022-F6C32F6B1432}"
EndProject
Global
	GlobalSection(SolutionConfigurationPlatforms) = preSolution
		Debug|Any CPU = Debug|Any CPU
		Release|Any CPU = Release|Any CPU
	EndGlobalSection
	GlobalSection(ProjectConfigurationPlatforms) = postSolution
		{A08A2FE4-9244-4CCA-9022-F6C32F6B1432}.Debug|Any CPU.ActiveCfg = Debug|Any CPU
		{A08A2FE4-9244-4CCA-9022-F6C32F6B1432}.Debug|Any CPU.Build.0 = Debug|Any CPU
		{A08A2FE4-9244-4CCA-9022-F6C32F6B1432}.Release|Any CPU.ActiveCfg = Release|Any CPU
		{A08A2FE4-9244-4CCA-9022-F6C32F6B1432}.Release|Any CPU.Build.0 = Release|Any CPU
	EndGlobalSection
	GlobalSection(SolutionProperties) = preSolution
		HideSolutionNode = FALSE
	EndGlobalSection
EndGlobal
